// !$*UTF8*$!
{
	archiveVersion = 1;
	classes = {
	};
	objectVersion = 56;
	objects = {

/* Begin PBXBuildFile section */
		CDB1BA2B29D5278C007F7AED /* ai_text_adventure_adminApp.swift in Sources */ = {isa = PBXBuildFile; fileRef = CDB1BA2A29D5278C007F7AED /* ai_text_adventure_adminApp.swift */; };
		CDB1BA2D29D5278C007F7AED /* ContentView.swift in Sources */ = {isa = PBXBuildFile; fileRef = CDB1BA2C29D5278C007F7AED /* ContentView.swift */; };
		CDB1BA2F29D5278D007F7AED /* Assets.xcassets in Resources */ = {isa = PBXBuildFile; fileRef = CDB1BA2E29D5278D007F7AED /* Assets.xcassets */; };
		CDB1BA3329D5278D007F7AED /* Preview Assets.xcassets in Resources */ = {isa = PBXBuildFile; fileRef = CDB1BA3229D5278D007F7AED /* Preview Assets.xcassets */; };
		CDB1BA3C29D527D5007F7AED /* configs.swift in Sources */ = {isa = PBXBuildFile; fileRef = CDB1BA3B29D527D5007F7AED /* configs.swift */; };
		CDB1BA3E29D52809007F7AED /* SignInView.swift in Sources */ = {isa = PBXBuildFile; fileRef = CDB1BA3D29D52809007F7AED /* SignInView.swift */; };
		CDB1BA4029D528CC007F7AED /* PromptService.swift in Sources */ = {isa = PBXBuildFile; fileRef = CDB1BA3F29D528CC007F7AED /* PromptService.swift */; };
		CDB1BA4329D52C67007F7AED /* Alamofire in Frameworks */ = {isa = PBXBuildFile; productRef = CDB1BA4229D52C67007F7AED /* Alamofire */; };
		CDB1BA4629D533DC007F7AED /* PromptModel.swift in Sources */ = {isa = PBXBuildFile; fileRef = CDB1BA4529D533DC007F7AED /* PromptModel.swift */; };
		CDB1BA4829D53D3C007F7AED /* PromptView.swift in Sources */ = {isa = PBXBuildFile; fileRef = CDB1BA4729D53D3C007F7AED /* PromptView.swift */; };
		CDB1BA4A29D54065007F7AED /* PromptForm.swift in Sources */ = {isa = PBXBuildFile; fileRef = CDB1BA4929D54065007F7AED /* PromptForm.swift */; };
		CDB1BA4C29D55E7D007F7AED /* PromptDetailView.swift in Sources */ = {isa = PBXBuildFile; fileRef = CDB1BA4B29D55E7D007F7AED /* PromptDetailView.swift */; };
		CDB1BA4E29D5660C007F7AED /* CreatePromptView.swift in Sources */ = {isa = PBXBuildFile; fileRef = CDB1BA4D29D5660C007F7AED /* CreatePromptView.swift */; };
/* End PBXBuildFile section */

/* Begin PBXFileReference section */
		CDB1BA2729D5278C007F7AED /* ai-text-adventure-admin.app */ = {isa = PBXFileReference; explicitFileType = wrapper.application; includeInIndex = 0; path = "ai-text-adventure-admin.app"; sourceTree = BUILT_PRODUCTS_DIR; };
		CDB1BA2A29D5278C007F7AED /* ai_text_adventure_adminApp.swift */ = {isa = PBXFileReference; lastKnownFileType = sourcecode.swift; path = ai_text_adventure_adminApp.swift; sourceTree = "<group>"; };
		CDB1BA2C29D5278C007F7AED /* ContentView.swift */ = {isa = PBXFileReference; lastKnownFileType = sourcecode.swift; path = ContentView.swift; sourceTree = "<group>"; };
		CDB1BA2E29D5278D007F7AED /* Assets.xcassets */ = {isa = PBXFileReference; lastKnownFileType = folder.assetcatalog; path = Assets.xcassets; sourceTree = "<group>"; };
		CDB1BA3029D5278D007F7AED /* ai_text_adventure_admin.entitlements */ = {isa = PBXFileReference; lastKnownFileType = text.plist.entitlements; path = ai_text_adventure_admin.entitlements; sourceTree = "<group>"; };
		CDB1BA3229D5278D007F7AED /* Preview Assets.xcassets */ = {isa = PBXFileReference; lastKnownFileType = folder.assetcatalog; path = "Preview Assets.xcassets"; sourceTree = "<group>"; };
		CDB1BA3B29D527D5007F7AED /* configs.swift */ = {isa = PBXFileReference; lastKnownFileType = sourcecode.swift; path = configs.swift; sourceTree = "<group>"; };
		CDB1BA3D29D52809007F7AED /* SignInView.swift */ = {isa = PBXFileReference; lastKnownFileType = sourcecode.swift; path = SignInView.swift; sourceTree = "<group>"; };
		CDB1BA3F29D528CC007F7AED /* PromptService.swift */ = {isa = PBXFileReference; lastKnownFileType = sourcecode.swift; path = PromptService.swift; sourceTree = "<group>"; };
		CDB1BA4529D533DC007F7AED /* PromptModel.swift */ = {isa = PBXFileReference; lastKnownFileType = sourcecode.swift; path = PromptModel.swift; sourceTree = "<group>"; };
		CDB1BA4729D53D3C007F7AED /* PromptView.swift */ = {isa = PBXFileReference; lastKnownFileType = sourcecode.swift; path = PromptView.swift; sourceTree = "<group>"; };
		CDB1BA4929D54065007F7AED /* PromptForm.swift */ = {isa = PBXFileReference; lastKnownFileType = sourcecode.swift; path = PromptForm.swift; sourceTree = "<group>"; };
		CDB1BA4B29D55E7D007F7AED /* PromptDetailView.swift */ = {isa = PBXFileReference; lastKnownFileType = sourcecode.swift; path = PromptDetailView.swift; sourceTree = "<group>"; };
		CDB1BA4D29D5660C007F7AED /* CreatePromptView.swift */ = {isa = PBXFileReference; lastKnownFileType = sourcecode.swift; path = CreatePromptView.swift; sourceTree = "<group>"; };
/* End PBXFileReference section */

/* Begin PBXFrameworksBuildPhase section */
		CDB1BA2429D5278C007F7AED /* Frameworks */ = {
			isa = PBXFrameworksBuildPhase;
			buildActionMask = 2147483647;
			files = (
				CDB1BA4329D52C67007F7AED /* Alamofire in Frameworks */,
			);
			runOnlyForDeploymentPostprocessing = 0;
		};
/* End PBXFrameworksBuildPhase section */

/* Begin PBXGroup section */
		CDB1BA1E29D5278C007F7AED = {
			isa = PBXGroup;
			children = (
				CDB1BA2929D5278C007F7AED /* ai-text-adventure-admin */,
				CDB1BA2829D5278C007F7AED /* Products */,
			);
			sourceTree = "<group>";
		};
		CDB1BA2829D5278C007F7AED /* Products */ = {
			isa = PBXGroup;
			children = (
				CDB1BA2729D5278C007F7AED /* ai-text-adventure-admin.app */,
			);
			name = Products;
			sourceTree = "<group>";
		};
		CDB1BA2929D5278C007F7AED /* ai-text-adventure-admin */ = {
			isa = PBXGroup;
			children = (
				CDB1BA3B29D527D5007F7AED /* configs.swift */,
				CDB1BA4429D533CC007F7AED /* Models */,
				CDB1BA3A29D527C2007F7AED /* Services */,
				CDB1BA3929D527B5007F7AED /* Views */,
				CDB1BA2A29D5278C007F7AED /* ai_text_adventure_adminApp.swift */,
				CDB1BA2C29D5278C007F7AED /* ContentView.swift */,
				CDB1BA2E29D5278D007F7AED /* Assets.xcassets */,
				CDB1BA3029D5278D007F7AED /* ai_text_adventure_admin.entitlements */,
				CDB1BA3129D5278D007F7AED /* Preview Content */,
			);
			path = "ai-text-adventure-admin";
			sourceTree = "<group>";
		};
		CDB1BA3129D5278D007F7AED /* Preview Content */ = {
			isa = PBXGroup;
			children = (
				CDB1BA3229D5278D007F7AED /* Preview Assets.xcassets */,
			);
			path = "Preview Content";
			sourceTree = "<group>";
		};
		CDB1BA3929D527B5007F7AED /* Views */ = {
			isa = PBXGroup;
			children = (
				CDB1BA3D29D52809007F7AED /* SignInView.swift */,
				CDB1BA4729D53D3C007F7AED /* PromptView.swift */,
				CDB1BA4929D54065007F7AED /* PromptForm.swift */,
				CDB1BA4B29D55E7D007F7AED /* PromptDetailView.swift */,
				CDB1BA4D29D5660C007F7AED /* CreatePromptView.swift */,
			);
			path = Views;
			sourceTree = "<group>";
		};
		CDB1BA3A29D527C2007F7AED /* Services */ = {
			isa = PBXGroup;
			children = (
				CDB1BA3F29D528CC007F7AED /* PromptService.swift */,
			);
			path = Services;
			sourceTree = "<group>";
		};
		CDB1BA4429D533CC007F7AED /* Models */ = {
			isa = PBXGroup;
			children = (
				CDB1BA4529D533DC007F7AED /* PromptModel.swift */,
			);
			path = Models;
			sourceTree = "<group>";
		};
/* End PBXGroup section */

/* Begin PBXNativeTarget section */
		CDB1BA2629D5278C007F7AED /* ai-text-adventure-admin */ = {
			isa = PBXNativeTarget;
			buildConfigurationList = CDB1BA3629D5278D007F7AED /* Build configuration list for PBXNativeTarget "ai-text-adventure-admin" */;
			buildPhases = (
				CDB1BA2329D5278C007F7AED /* Sources */,
				CDB1BA2429D5278C007F7AED /* Frameworks */,
				CDB1BA2529D5278C007F7AED /* Resources */,
			);
			buildRules = (
			);
			dependencies = (
			);
			name = "ai-text-adventure-admin";
			packageProductDependencies = (
				CDB1BA4229D52C67007F7AED /* Alamofire */,
			);
			productName = "ai-text-adventure-admin";
			productReference = CDB1BA2729D5278C007F7AED /* ai-text-adventure-admin.app */;
			productType = "com.apple.product-type.application";
		};
/* End PBXNativeTarget section */

/* Begin PBXProject section */
		CDB1BA1F29D5278C007F7AED /* Project object */ = {
			isa = PBXProject;
			attributes = {
				BuildIndependentTargetsInParallel = 1;
				LastSwiftUpdateCheck = 1410;
				LastUpgradeCheck = 1410;
				TargetAttributes = {
					CDB1BA2629D5278C007F7AED = {
						CreatedOnToolsVersion = 14.1;
					};
				};
			};
			buildConfigurationList = CDB1BA2229D5278C007F7AED /* Build configuration list for PBXProject "ai-text-adventure-admin" */;
			compatibilityVersion = "Xcode 14.0";
			developmentRegion = en;
			hasScannedForEncodings = 0;
			knownRegions = (
				en,
				Base,
			);
			mainGroup = CDB1BA1E29D5278C007F7AED;
			packageReferences = (
				CDB1BA4129D52C67007F7AED /* XCRemoteSwiftPackageReference "Alamofire" */,
			);
			productRefGroup = CDB1BA2829D5278C007F7AED /* Products */;
			projectDirPath = "";
			projectRoot = "";
			targets = (
				CDB1BA2629D5278C007F7AED /* ai-text-adventure-admin */,
			);
		};
/* End PBXProject section */

/* Begin PBXResourcesBuildPhase section */
		CDB1BA2529D5278C007F7AED /* Resources */ = {
			isa = PBXResourcesBuildPhase;
			buildActionMask = 2147483647;
			files = (
				CDB1BA3329D5278D007F7AED /* Preview Assets.xcassets in Resources */,
				CDB1BA2F29D5278D007F7AED /* Assets.xcassets in Resources */,
			);
			runOnlyForDeploymentPostprocessing = 0;
		};
/* End PBXResourcesBuildPhase section */

/* Begin PBXSourcesBuildPhase section */
		CDB1BA2329D5278C007F7AED /* Sources */ = {
			isa = PBXSourcesBuildPhase;
			buildActionMask = 2147483647;
			files = (
				CDB1BA4C29D55E7D007F7AED /* PromptDetailView.swift in Sources */,
				CDB1BA4829D53D3C007F7AED /* PromptView.swift in Sources */,
				CDB1BA4A29D54065007F7AED /* PromptForm.swift in Sources */,
				CDB1BA4029D528CC007F7AED /* PromptService.swift in Sources */,
				CDB1BA4629D533DC007F7AED /* PromptModel.swift in Sources */,
				CDB1BA3C29D527D5007F7AED /* configs.swift in Sources */,
				CDB1BA2D29D5278C007F7AED /* ContentView.swift in Sources */,
				CDB1BA3E29D52809007F7AED /* SignInView.swift in Sources */,
				CDB1BA4E29D5660C007F7AED /* CreatePromptView.swift in Sources */,
				CDB1BA2B29D5278C007F7AED /* ai_text_adventure_adminApp.swift in Sources */,
			);
			runOnlyForDeploymentPostprocessing = 0;
		};
/* End PBXSourcesBuildPhase section */

/* Begin XCBuildConfiguration section */
		CDB1BA3429D5278D007F7AED /* Debug */ = {
			isa = XCBuildConfiguration;
			buildSettings = {
				ALWAYS_SEARCH_USER_PATHS = NO;
				CLANG_ANALYZER_NONNULL = YES;
				CLANG_ANALYZER_NUMBER_OBJECT_CONVERSION = YES_AGGRESSIVE;
				CLANG_CXX_LANGUAGE_STANDARD = "gnu++20";
				CLANG_ENABLE_MODULES = YES;
				CLANG_ENABLE_OBJC_ARC = YES;
				CLANG_ENABLE_OBJC_WEAK = YES;
				CLANG_WARN_BLOCK_CAPTURE_AUTORELEASING = YES;
				CLANG_WARN_BOOL_CONVERSION = YES;
				CLANG_WARN_COMMA = YES;
				CLANG_WARN_CONSTANT_CONVERSION = YES;
				CLANG_WARN_DEPRECATED_OBJC_IMPLEMENTATIONS = YES;
				CLANG_WARN_DIRECT_OBJC_ISA_USAGE = YES_ERROR;
				CLANG_WARN_DOCUMENTATION_COMMENTS = YES;
				CLANG_WARN_EMPTY_BODY = YES;
				CLANG_WARN_ENUM_CONVERSION = YES;
				CLANG_WARN_INFINITE_RECURSION = YES;
				CLANG_WARN_INT_CONVERSION = YES;
				CLANG_WARN_NON_LITERAL_NULL_CONVERSION = YES;
				CLANG_WARN_OBJC_IMPLICIT_RETAIN_SELF = YES;
				CLANG_WARN_OBJC_LITERAL_CONVERSION = YES;
				CLANG_WARN_OBJC_ROOT_CLASS = YES_ERROR;
				CLANG_WARN_QUOTED_INCLUDE_IN_FRAMEWORK_HEADER = YES;
				CLANG_WARN_RANGE_LOOP_ANALYSIS = YES;
				CLANG_WARN_STRICT_PROTOTYPES = YES;
				CLANG_WARN_SUSPICIOUS_MOVE = YES;
				CLANG_WARN_UNGUARDED_AVAILABILITY = YES_AGGRESSIVE;
				CLANG_WARN_UNREACHABLE_CODE = YES;
				CLANG_WARN__DUPLICATE_METHOD_MATCH = YES;
				COPY_PHASE_STRIP = NO;
				DEBUG_INFORMATION_FORMAT = dwarf;
				ENABLE_STRICT_OBJC_MSGSEND = YES;
				ENABLE_TESTABILITY = YES;
				GCC_C_LANGUAGE_STANDARD = gnu11;
				GCC_DYNAMIC_NO_PIC = NO;
				GCC_NO_COMMON_BLOCKS = YES;
				GCC_OPTIMIZATION_LEVEL = 0;
				GCC_PREPROCESSOR_DEFINITIONS = (
					"DEBUG=1",
					"$(inherited)",
				);
				GCC_WARN_64_TO_32_BIT_CONVERSION = YES;
				GCC_WARN_ABOUT_RETURN_TYPE = YES_ERROR;
				GCC_WARN_UNDECLARED_SELECTOR = YES;
				GCC_WARN_UNINITIALIZED_AUTOS = YES_AGGRESSIVE;
				GCC_WARN_UNUSED_FUNCTION = YES;
				GCC_WARN_UNUSED_VARIABLE = YES;
				MTL_ENABLE_DEBUG_INFO = INCLUDE_SOURCE;
				MTL_FAST_MATH = YES;
				ONLY_ACTIVE_ARCH = YES;
				SWIFT_ACTIVE_COMPILATION_CONDITIONS = DEBUG;
				SWIFT_OPTIMIZATION_LEVEL = "-Onone";
			};
			name = Debug;
		};
		CDB1BA3529D5278D007F7AED /* Release */ = {
			isa = XCBuildConfiguration;
			buildSettings = {
				ALWAYS_SEARCH_USER_PATHS = NO;
				CLANG_ANALYZER_NONNULL = YES;
				CLANG_ANALYZER_NUMBER_OBJECT_CONVERSION = YES_AGGRESSIVE;
				CLANG_CXX_LANGUAGE_STANDARD = "gnu++20";
				CLANG_ENABLE_MODULES = YES;
				CLANG_ENABLE_OBJC_ARC = YES;
				CLANG_ENABLE_OBJC_WEAK = YES;
				CLANG_WARN_BLOCK_CAPTURE_AUTORELEASING = YES;
				CLANG_WARN_BOOL_CONVERSION = YES;
				CLANG_WARN_COMMA = YES;
				CLANG_WARN_CONSTANT_CONVERSION = YES;
				CLANG_WARN_DEPRECATED_OBJC_IMPLEMENTATIONS = YES;
				CLANG_WARN_DIRECT_OBJC_ISA_USAGE = YES_ERROR;
				CLANG_WARN_DOCUMENTATION_COMMENTS = YES;
				CLANG_WARN_EMPTY_BODY = YES;
				CLANG_WARN_ENUM_CONVERSION = YES;
				CLANG_WARN_INFINITE_RECURSION = YES;
				CLANG_WARN_INT_CONVERSION = YES;
				CLANG_WARN_NON_LITERAL_NULL_CONVERSION = YES;
				CLANG_WARN_OBJC_IMPLICIT_RETAIN_SELF = YES;
				CLANG_WARN_OBJC_LITERAL_CONVERSION = YES;
				CLANG_WARN_OBJC_ROOT_CLASS = YES_ERROR;
				CLANG_WARN_QUOTED_INCLUDE_IN_FRAMEWORK_HEADER = YES;
				CLANG_WARN_RANGE_LOOP_ANALYSIS = YES;
				CLANG_WARN_STRICT_PROTOTYPES = YES;
				CLANG_WARN_SUSPICIOUS_MOVE = YES;
				CLANG_WARN_UNGUARDED_AVAILABILITY = YES_AGGRESSIVE;
				CLANG_WARN_UNREACHABLE_CODE = YES;
				CLANG_WARN__DUPLICATE_METHOD_MATCH = YES;
				COPY_PHASE_STRIP = NO;
				DEBUG_INFORMATION_FORMAT = "dwarf-with-dsym";
				ENABLE_NS_ASSERTIONS = NO;
				ENABLE_STRICT_OBJC_MSGSEND = YES;
				GCC_C_LANGUAGE_STANDARD = gnu11;
				GCC_NO_COMMON_BLOCKS = YES;
				GCC_WARN_64_TO_32_BIT_CONVERSION = YES;
				GCC_WARN_ABOUT_RETURN_TYPE = YES_ERROR;
				GCC_WARN_UNDECLARED_SELECTOR = YES;
				GCC_WARN_UNINITIALIZED_AUTOS = YES_AGGRESSIVE;
				GCC_WARN_UNUSED_FUNCTION = YES;
				GCC_WARN_UNUSED_VARIABLE = YES;
				MTL_ENABLE_DEBUG_INFO = NO;
				MTL_FAST_MATH = YES;
				SWIFT_COMPILATION_MODE = wholemodule;
				SWIFT_OPTIMIZATION_LEVEL = "-O";
			};
			name = Release;
		};
		CDB1BA3729D5278D007F7AED /* Debug */ = {
			isa = XCBuildConfiguration;
			buildSettings = {
				ASSETCATALOG_COMPILER_APPICON_NAME = AppIcon;
				ASSETCATALOG_COMPILER_GLOBAL_ACCENT_COLOR_NAME = AccentColor;
				CODE_SIGN_ENTITLEMENTS = "ai-text-adventure-admin/ai_text_adventure_admin.entitlements";
				CODE_SIGN_STYLE = Automatic;
				CURRENT_PROJECT_VERSION = 1;
				DEVELOPMENT_ASSET_PATHS = "\"ai-text-adventure-admin/Preview Content\"";
				DEVELOPMENT_TEAM = P9KK452K8P;
				ENABLE_HARDENED_RUNTIME = YES;
				ENABLE_PREVIEWS = YES;
				GENERATE_INFOPLIST_FILE = YES;
				"INFOPLIST_KEY_UIApplicationSceneManifest_Generation[sdk=iphoneos*]" = YES;
				"INFOPLIST_KEY_UIApplicationSceneManifest_Generation[sdk=iphonesimulator*]" = YES;
				"INFOPLIST_KEY_UIApplicationSupportsIndirectInputEvents[sdk=iphoneos*]" = YES;
				"INFOPLIST_KEY_UIApplicationSupportsIndirectInputEvents[sdk=iphonesimulator*]" = YES;
				"INFOPLIST_KEY_UILaunchScreen_Generation[sdk=iphoneos*]" = YES;
				"INFOPLIST_KEY_UILaunchScreen_Generation[sdk=iphonesimulator*]" = YES;
				"INFOPLIST_KEY_UIStatusBarStyle[sdk=iphoneos*]" = UIStatusBarStyleDefault;
				"INFOPLIST_KEY_UIStatusBarStyle[sdk=iphonesimulator*]" = UIStatusBarStyleDefault;
				INFOPLIST_KEY_UISupportedInterfaceOrientations_iPad = "UIInterfaceOrientationPortrait UIInterfaceOrientationPortraitUpsideDown UIInterfaceOrientationLandscapeLeft UIInterfaceOrientationLandscapeRight";
				INFOPLIST_KEY_UISupportedInterfaceOrientations_iPhone = "UIInterfaceOrientationPortrait UIInterfaceOrientationLandscapeLeft UIInterfaceOrientationLandscapeRight";
				IPHONEOS_DEPLOYMENT_TARGET = 16.1;
				LD_RUNPATH_SEARCH_PATHS = "@executable_path/Frameworks";
				"LD_RUNPATH_SEARCH_PATHS[sdk=macosx*]" = "@executable_path/../Frameworks";
				MACOSX_DEPLOYMENT_TARGET = 13.0;
				MARKETING_VERSION = 1.0;
				PRODUCT_BUNDLE_IDENTIFIER = "com.sirily11.ai-text-adventure-admin";
				PRODUCT_NAME = "$(TARGET_NAME)";
				SDKROOT = auto;
				SUPPORTED_PLATFORMS = "iphoneos iphonesimulator macosx";
				SWIFT_EMIT_LOC_STRINGS = YES;
				SWIFT_VERSION = 5.0;
				TARGETED_DEVICE_FAMILY = "1,2";
			};
			name = Debug;
		};
		CDB1BA3829D5278D007F7AED /* Release */ = {
			isa = XCBuildConfiguration;
			buildSettings = {
				ASSETCATALOG_COMPILER_APPICON_NAME = AppIcon;
				ASSETCATALOG_COMPILER_GLOBAL_ACCENT_COLOR_NAME = AccentColor;
				CODE_SIGN_ENTITLEMENTS = "ai-text-adventure-admin/ai_text_adventure_admin.entitlements";
				CODE_SIGN_STYLE = Automatic;
				CURRENT_PROJECT_VERSION = 1;
				DEVELOPMENT_ASSET_PATHS = "\"ai-text-adventure-admin/Preview Content\"";
				DEVELOPMENT_TEAM = P9KK452K8P;
				ENABLE_HARDENED_RUNTIME = YES;
				ENABLE_PREVIEWS = YES;
				GENERATE_INFOPLIST_FILE = YES;
				"INFOPLIST_KEY_UIApplicationSceneManifest_Generation[sdk=iphoneos*]" = YES;
				"INFOPLIST_KEY_UIApplicationSceneManifest_Generation[sdk=iphonesimulator*]" = YES;
				"INFOPLIST_KEY_UIApplicationSupportsIndirectInputEvents[sdk=iphoneos*]" = YES;
				"INFOPLIST_KEY_UIApplicationSupportsIndirectInputEvents[sdk=iphonesimulator*]" = YES;
				"INFOPLIST_KEY_UILaunchScreen_Generation[sdk=iphoneos*]" = YES;
				"INFOPLIST_KEY_UILaunchScreen_Generation[sdk=iphonesimulator*]" = YES;
				"INFOPLIST_KEY_UIStatusBarStyle[sdk=iphoneos*]" = UIStatusBarStyleDefault;
				"INFOPLIST_KEY_UIStatusBarStyle[sdk=iphonesimulator*]" = UIStatusBarStyleDefault;
				INFOPLIST_KEY_UISupportedInterfaceOrientations_iPad = "UIInterfaceOrientationPortrait UIInterfaceOrientationPortraitUpsideDown UIInterfaceOrientationLandscapeLeft UIInterfaceOrientationLandscapeRight";
				INFOPLIST_KEY_UISupportedInterfaceOrientations_iPhone = "UIInterfaceOrientationPortrait UIInterfaceOrientationLandscapeLeft UIInterfaceOrientationLandscapeRight";
				IPHONEOS_DEPLOYMENT_TARGET = 16.1;
				LD_RUNPATH_SEARCH_PATHS = "@executable_path/Frameworks";
				"LD_RUNPATH_SEARCH_PATHS[sdk=macosx*]" = "@executable_path/../Frameworks";
				MACOSX_DEPLOYMENT_TARGET = 13.0;
				MARKETING_VERSION = 1.0;
				PRODUCT_BUNDLE_IDENTIFIER = "com.sirily11.ai-text-adventure-admin";
				PRODUCT_NAME = "$(TARGET_NAME)";
				SDKROOT = auto;
				SUPPORTED_PLATFORMS = "iphoneos iphonesimulator macosx";
				SWIFT_EMIT_LOC_STRINGS = YES;
				SWIFT_VERSION = 5.0;
				TARGETED_DEVICE_FAMILY = "1,2";
			};
			name = Release;
		};
/* End XCBuildConfiguration section */

/* Begin XCConfigurationList section */
		CDB1BA2229D5278C007F7AED /* Build configuration list for PBXProject "ai-text-adventure-admin" */ = {
			isa = XCConfigurationList;
			buildConfigurations = (
				CDB1BA3429D5278D007F7AED /* Debug */,
				CDB1BA3529D5278D007F7AED /* Release */,
			);
			defaultConfigurationIsVisible = 0;
			defaultConfigurationName = Release;
		};
		CDB1BA3629D5278D007F7AED /* Build configuration list for PBXNativeTarget "ai-text-adventure-admin" */ = {
			isa = XCConfigurationList;
			buildConfigurations = (
				CDB1BA3729D5278D007F7AED /* Debug */,
				CDB1BA3829D5278D007F7AED /* Release */,
			);
			defaultConfigurationIsVisible = 0;
			defaultConfigurationName = Release;
		};
/* End XCConfigurationList section */

/* Begin XCRemoteSwiftPackageReference section */
		CDB1BA4129D52C67007F7AED /* XCRemoteSwiftPackageReference "Alamofire" */ = {
			isa = XCRemoteSwiftPackageReference;
			repositoryURL = "https://github.com/Alamofire/Alamofire";
			requirement = {
				kind = exactVersion;
				version = 5.6.4;
			};
		};
/* End XCRemoteSwiftPackageReference section */

/* Begin XCSwiftPackageProductDependency section */
		CDB1BA4229D52C67007F7AED /* Alamofire */ = {
			isa = XCSwiftPackageProductDependency;
			package = CDB1BA4129D52C67007F7AED /* XCRemoteSwiftPackageReference "Alamofire" */;
			productName = Alamofire;
		};
/* End XCSwiftPackageProductDependency section */
	};
	rootObject = CDB1BA1F29D5278C007F7AED /* Project object */;
}
